
Microsoft Visual Studio Solution File, Format Version 12.00
# Visual Studio Version 17
VisualStudioVersion = 17.14.37012.4 d17.14
MinimumVisualStudioVersion = 10.0.40219.1
Project("{FAE04EC0-301F-11D3-BF4B-00C04F79EFBC}") = "WpfApp8", "WpfApp8\WpfApp8.csproj", "{FA4FDBD9-5295-44FA-BE01-3D74A0514219}"
EndProject
Global
	GlobalSection(SolutionConfigurationPlatforms) = preSolution
		Debug|Any CPU = Debug|Any CPU
		Release|Any CPU = Release|Any CPU
	EndGlobalSection
	GlobalSection(ProjectConfigurationPlatforms) = postSolution
		{FA4FDBD9-5295-44FA-BE01-3D74A0514219}.Debug|Any CPU.ActiveCfg = Debug|Any CPU
		{FA4FDBD9-5295-44FA-BE01-3D74A0514219}.Debug|Any CPU.Build.0 = Debug|Any CPU
		{FA4FDBD9-5295-44FA-BE01-3D74A0514219}.Release|Any CPU.ActiveCfg = Release|Any CPU
		{FA4FDBD9-5295-44FA-BE01-3D74A0514219}.Release|Any CPU.Build.0 = Release|Any CPU
	EndGlobalSection
	GlobalSection(SolutionProperties) = preSolution
		HideSolutionNode = FALSE
	EndGlobalSection
	GlobalSection(ExtensibilityGlobals) = postSolution
		SolutionGuid = {9D767BEA-086A-4208-95FD-A789A9856DFA}
	EndGlobalSection
EndGlobal
